
Microsoft Visual Studio Solution File, Format Version 12.00
# Visual Studio Version 16
VisualStudioVersion = 16.0.31911.196
MinimumVisualStudioVersion = 10.0.40219.1
Project("{888888A0-9F3D-457C-B088-3A5042F75D52}") = "comande", "comande\comande.pyproj", "{AF1BF36C-8609-48C7-A863-625CB211E56C}"
EndProject
Global
	GlobalSection(SolutionConfigurationPlatforms) = preSolution
		Debug|Any CPU = Debug|Any CPU
		Release|Any CPU = Release|Any CPU
	EndGlobalSection
	GlobalSection(ProjectConfigurationPlatforms) = postSolution
		{AF1BF36C-8609-48C7-A863-625CB211E56C}.Debug|Any CPU.ActiveCfg = Debug|Any CPU
		{AF1BF36C-8609-48C7-A863-625CB211E56C}.Release|Any CPU.ActiveCfg = Release|Any CPU
	EndGlobalSection
	GlobalSection(SolutionProperties) = preSolution
		HideSolutionNode = FALSE
	EndGlobalSection
	GlobalSection(ExtensibilityGlobals) = postSolution
		SolutionGuid = {10794D61-C733-4CA6-AC9E-0C7EB0BAC93B}
	EndGlobalSection
EndGlobal
